
Microsoft Visual Studio Solution File, Format Version 12.00
# Visual Studio Version 17
VisualStudioVersion = 17.6.33723.286
MinimumVisualStudioVersion = 10.0.40219.1
Project("{9A19103F-16F7-4668-BE54-9A1E7A4F7556}") = "CashFlowTracker.Web", "CashFlowTracker.Web\CashFlowTracker.Web.csproj", "{F5E0E1DA-2CA3-47DC-8B4E-CD5371BEF944}"
EndProject
Project("{9A19103F-16F7-4668-BE54-9A1E7A4F7556}") = "CashFlowTracker.ControleLancamentos.Api", "CashFlowTracker.ControleLancamentos.Api\CashFlowTracker.ControleLancamentos.Api.csproj", "{EB1F18C5-E758-4DC2-B7A1-642D07B05E2C}"
EndProject
Project("{9A19103F-16F7-4668-BE54-9A1E7A4F7556}") = "CashFlowTracker.ConsolidadoDiario.Api", "CashFlowTracker.ConsolidadoDiario.Api\CashFlowTracker.ConsolidadoDiario.Api.csproj", "{16913625-D29C-45C9-8A74-D4C910C8113F}"
EndProject
Project("{9A19103F-16F7-4668-BE54-9A1E7A4F7556}") = "CashFlowTracker.Domain", "CashFlowTracker.Domain\CashFlowTracker.Domain.csproj", "{B5B737E5-3315-4451-8D77-0F6ECF7D4D20}"
EndProject
Project("{9A19103F-16F7-4668-BE54-9A1E7A4F7556}") = "CashFlowTracker.Infrastructure", "CashFlowTracker.Infrastructure\CashFlowTracker.Infrastructure.csproj", "{9078AAD2-AA71-4230-9049-71C534452E5D}"
EndProject
Project("{2150E333-8FDC-42A3-9474-1A3956D46DE8}") = "Solution Itens", "Solution Itens", "{20E5FDEC-85BA-4EFD-AF60-47D8A89A3432}"
	ProjectSection(SolutionItems) = preProject
		Desafio-contratacao-2 (1).pdf = Desafio-contratacao-2 (1).pdf
		LICENSE = LICENSE
		README.md = README.md
	EndProjectSection
EndProject
Project("{2150E333-8FDC-42A3-9474-1A3956D46DE8}") = "1 - Presentation", "1 - Presentation", "{95AD4B96-62EA-417D-A514-CCFC6E6FBCE8}"
EndProject
Project("{2150E333-8FDC-42A3-9474-1A3956D46DE8}") = "2 - Domain", "2 - Domain", "{CEC1A00E-EF6A-439C-B18F-07FC1F3E8D75}"
EndProject
Project("{2150E333-8FDC-42A3-9474-1A3956D46DE8}") = "3 - Infrastructure", "3 - Infrastructure", "{23578055-CC01-4E9B-8162-2529251355B0}"
EndProject
Project("{2150E333-8FDC-42A3-9474-1A3956D46DE8}") = "src", "src", "{0307E22F-6B2E-4D81-80FA-2FF49E7D0A81}"
EndProject
Project("{2150E333-8FDC-42A3-9474-1A3956D46DE8}") = "test", "test", "{CCB9FBA6-5956-4B46-8D66-2D535FA3C7AD}"
EndProject
Project("{2150E333-8FDC-42A3-9474-1A3956D46DE8}") = "UI", "UI", "{167469FB-C44A-49A4-9C7B-9683D217DD01}"
EndProject
Project("{9A19103F-16F7-4668-BE54-9A1E7A4F7556}") = "CashFlowTracker.Tests", "CashFlowTracker.Tests\CashFlowTracker.Tests.csproj", "{FA01F5F7-BD17-40C3-A048-0C9C481F49C3}"
EndProject
Project("{FAE04EC0-301F-11D3-BF4B-00C04F79EFBC}") = "CashFlowTracker.Infrastructure.SqLite", "CashFlowTracker.Infrastructure.SqLite\CashFlowTracker.Infrastructure.SqLite.csproj", "{F205F259-40DC-4B85-815E-4439A12BA599}"
EndProject
Project("{FAE04EC0-301F-11D3-BF4B-00C04F79EFBC}") = "CashFlowTracker.Domain.Services", "CashFlowTracker.Domain.Services\CashFlowTracker.Domain.Services.csproj", "{62AADCF2-27E1-42E7-BEC8-1CC24B4FAF75}"
EndProject
Project("{2150E333-8FDC-42A3-9474-1A3956D46DE8}") = "data", "data", "{68611085-B020-487D-A32B-CA468311EE03}"
	ProjectSection(SolutionItems) = preProject
		Data\mydatabase.db = Data\mydatabase.db
		Data\mydatabase.db-shm = Data\mydatabase.db-shm
		Data\mydatabase.db-wal = Data\mydatabase.db-wal
	EndProjectSection
EndProject
Global
	GlobalSection(SolutionConfigurationPlatforms) = preSolution
		Debug|Any CPU = Debug|Any CPU
		Release|Any CPU = Release|Any CPU
	EndGlobalSection
	GlobalSection(ProjectConfigurationPlatforms) = postSolution
		{F5E0E1DA-2CA3-47DC-8B4E-CD5371BEF944}.Debug|Any CPU.ActiveCfg = Debug|Any CPU
		{F5E0E1DA-2CA3-47DC-8B4E-CD5371BEF944}.Debug|Any CPU.Build.0 = Debug|Any CPU
		{F5E0E1DA-2CA3-47DC-8B4E-CD5371BEF944}.Release|Any CPU.ActiveCfg = Release|Any CPU
		{F5E0E1DA-2CA3-47DC-8B4E-CD5371BEF944}.Release|Any CPU.Build.0 = Release|Any CPU
		{EB1F18C5-E758-4DC2-B7A1-642D07B05E2C}.Debug|Any CPU.ActiveCfg = Debug|Any CPU
		{EB1F18C5-E758-4DC2-B7A1-642D07B05E2C}.Debug|Any CPU.Build.0 = Debug|Any CPU
		{EB1F18C5-E758-4DC2-B7A1-642D07B05E2C}.Release|Any CPU.ActiveCfg = Release|Any CPU
		{EB1F18C5-E758-4DC2-B7A1-642D07B05E2C}.Release|Any CPU.Build.0 = Release|Any CPU
		{16913625-D29C-45C9-8A74-D4C910C8113F}.Debug|Any CPU.ActiveCfg = Debug|Any CPU
		{16913625-D29C-45C9-8A74-D4C910C8113F}.Debug|Any CPU.Build.0 = Debug|Any CPU
		{16913625-D29C-45C9-8A74-D4C910C8113F}.Release|Any CPU.ActiveCfg = Release|Any CPU
		{16913625-D29C-45C9-8A74-D4C910C8113F}.Release|Any CPU.Build.0 = Release|Any CPU
		{B5B737E5-3315-4451-8D77-0F6ECF7D4D20}.Debug|Any CPU.ActiveCfg = Debug|Any CPU
		{B5B737E5-3315-4451-8D77-0F6ECF7D4D20}.Debug|Any CPU.Build.0 = Debug|Any CPU
		{B5B737E5-3315-4451-8D77-0F6ECF7D4D20}.Release|Any CPU.ActiveCfg = Release|Any CPU
		{B5B737E5-3315-4451-8D77-0F6ECF7D4D20}.Release|Any CPU.Build.0 = Release|Any CPU
		{9078AAD2-AA71-4230-9049-71C534452E5D}.Debug|Any CPU.ActiveCfg = Debug|Any CPU
		{9078AAD2-AA71-4230-9049-71C534452E5D}.Debug|Any CPU.Build.0 = Debug|Any CPU
		{9078AAD2-AA71-4230-9049-71C534452E5D}.Release|Any CPU.ActiveCfg = Release|Any CPU
		{9078AAD2-AA71-4230-9049-71C534452E5D}.Release|Any CPU.Build.0 = Release|Any CPU
		{FA01F5F7-BD17-40C3-A048-0C9C481F49C3}.Debug|Any CPU.ActiveCfg = Debug|Any CPU
		{FA01F5F7-BD17-40C3-A048-0C9C481F49C3}.Debug|Any CPU.Build.0 = Debug|Any CPU
		{FA01F5F7-BD17-40C3-A048-0C9C481F49C3}.Release|Any CPU.ActiveCfg = Release|Any CPU
		{FA01F5F7-BD17-40C3-A048-0C9C481F49C3}.Release|Any CPU.Build.0 = Release|Any CPU
		{F205F259-40DC-4B85-815E-4439A12BA599}.Debug|Any CPU.ActiveCfg = Debug|Any CPU
		{F205F259-40DC-4B85-815E-4439A12BA599}.Debug|Any CPU.Build.0 = Debug|Any CPU
		{F205F259-40DC-4B85-815E-4439A12BA599}.Release|Any CPU.ActiveCfg = Release|Any CPU
		{F205F259-40DC-4B85-815E-4439A12BA599}.Release|Any CPU.Build.0 = Release|Any CPU
		{62AADCF2-27E1-42E7-BEC8-1CC24B4FAF75}.Debug|Any CPU.ActiveCfg = Debug|Any CPU
		{62AADCF2-27E1-42E7-BEC8-1CC24B4FAF75}.Debug|Any CPU.Build.0 = Debug|Any CPU
		{62AADCF2-27E1-42E7-BEC8-1CC24B4FAF75}.Release|Any CPU.ActiveCfg = Release|Any CPU
		{62AADCF2-27E1-42E7-BEC8-1CC24B4FAF75}.Release|Any CPU.Build.0 = Release|Any CPU
	EndGlobalSection
	GlobalSection(SolutionProperties) = preSolution
		HideSolutionNode = FALSE
	EndGlobalSection
	GlobalSection(NestedProjects) = preSolution
		{F5E0E1DA-2CA3-47DC-8B4E-CD5371BEF944} = {167469FB-C44A-49A4-9C7B-9683D217DD01}
		{EB1F18C5-E758-4DC2-B7A1-642D07B05E2C} = {95AD4B96-62EA-417D-A514-CCFC6E6FBCE8}
		{16913625-D29C-45C9-8A74-D4C910C8113F} = {95AD4B96-62EA-417D-A514-CCFC6E6FBCE8}
		{B5B737E5-3315-4451-8D77-0F6ECF7D4D20} = {CEC1A00E-EF6A-439C-B18F-07FC1F3E8D75}
		{9078AAD2-AA71-4230-9049-71C534452E5D} = {23578055-CC01-4E9B-8162-2529251355B0}
		{95AD4B96-62EA-417D-A514-CCFC6E6FBCE8} = {0307E22F-6B2E-4D81-80FA-2FF49E7D0A81}
		{CEC1A00E-EF6A-439C-B18F-07FC1F3E8D75} = {0307E22F-6B2E-4D81-80FA-2FF49E7D0A81}
		{23578055-CC01-4E9B-8162-2529251355B0} = {0307E22F-6B2E-4D81-80FA-2FF49E7D0A81}
		{167469FB-C44A-49A4-9C7B-9683D217DD01} = {95AD4B96-62EA-417D-A514-CCFC6E6FBCE8}
		{FA01F5F7-BD17-40C3-A048-0C9C481F49C3} = {CCB9FBA6-5956-4B46-8D66-2D535FA3C7AD}
		{F205F259-40DC-4B85-815E-4439A12BA599} = {23578055-CC01-4E9B-8162-2529251355B0}
		{62AADCF2-27E1-42E7-BEC8-1CC24B4FAF75} = {CEC1A00E-EF6A-439C-B18F-07FC1F3E8D75}
	EndGlobalSection
	GlobalSection(ExtensibilityGlobals) = postSolution
		SolutionGuid = {EB14F669-9D16-4DB0-BE18-6BF05E790FEB}
	EndGlobalSection
EndGlobal
